github.com/aws/aws-sdk-go-v2 v1.41.0 h1:tNvqh1s+v0vFYdA1xq0aOJH+Y5cRyZ5upu6roPgPKd4=
github.com/aws/aws-sdk-go-v2 v1.41.0/go.mod h1:MayyLB8y+buD9hZqkCW3kX1AKq07Y5pXxtgB+rRFhz0=
github.com/aws/aws-sdk-go-v2/aws/protocol/eventstream v1.7.4 h1:489krEF9xIGkOaaX3CE/Be2uWjiXrkCH6gUX+bZA/BU=
github.com/aws/aws-sdk-go-v2/aws/protocol/eventstream v1.7.4/go.mod h1:IOAPF6oT9KCsceNTvvYMNHy0+kMF8akOjeDvPENWxp4=
github.com/aws/aws-sdk-go-v2/config v1.32.5 h1:pz3duhAfUgnxbtVhIK39PGF/AHYyrzGEyRD9Og0QrE8=
github.com/aws/aws-sdk-go-v2/config v1.32.5/go.mod h1:xmDjzSUs/d0BB7ClzYPAZMmgQdrodNjPPhd6bGASwoE=
github.com/aws/aws-sdk-go-v2/credentials v1.19.5 h1:xMo63RlqP3ZZydpJDMBsH9uJ10hgHYfQFIk1cHDXrR4=
github.com/aws/aws-sdk-go-v2/credentials v1.19.5/go.mod h1:hhbH6oRcou+LpXfA/0vPElh/e0M3aFeOblE1sssAAEk=
github.com/aws/aws-sdk-go-v2/feature/ec2/imds v1.18.16 h1:80+uETIWS1BqjnN9uJ0dBUaETh+P1XwFy5vwHwK5r9k=
github.com/aws/aws-sdk-go-v2/feature/ec2/imds v1.18.16/go.mod h1:wOOsYuxYuB/7FlnVtzeBYRcjSRtQpAW0hCP7tIULMwo=
github.com/aws/aws-sdk-go-v2/internal/configsources v1.4.16 h1:rgGwPzb82iBYSvHMHXc8h9mRoOUBZIGFgKb9qniaZZc=
github.com/aws/aws-sdk-go-v2/internal/configsources v1.4.16/go.mod h1:L/UxsGeKpGoIj6DxfhOWHWQ/kGKcd4I1VncE4++IyKA=
github.com/aws/aws-sdk-go-v2/internal/endpoints/v2 v2.7.16 h1:1jtGzuV7c82xnqOVfx2F0xmJcOw5374L7N6juGW6x6U=
github.com/aws/aws-sdk-go-v2/internal/endpoints/v2 v2.7.16/go.mod h1:M2E5OQf+XLe+SZGmmpaI2yy+J326aFf6/+54PoxSANc=
github.com/aws/aws-sdk-go-v2/internal/ini v1.8.4 h1:WKuaxf++XKWlHWu9ECbMlha8WOEGm0OUEZqm4K/Gcfk=
github.com/aws/aws-sdk-go-v2/internal/ini v1.8.4/go.mod h1:ZWy7j6v1vWGmPReu0iSGvRiise4YI5SkR3OHKTZ6Wuc=
github.com/aws/aws-sdk-go-v2/service/cloudwatchlogs v1.62.2 h1:U7ATBzpyD+A3IxzwKUL+meioIs3HO+/eyxghGTy6bkY=
github.com/aws/aws-sdk-go-v2/service/cloudwatchlogs v1.62.2/go.mod h1:ESQxVIp7hs1MdsdEF4KITf65SfM3fh/EEiYi+s0S/pE=
github.com/aws/aws-sdk-go-v2/service/ec2 v1.276.1 h1:P7db/Z55pXvwnueLuHUuVlxnqjbAtiadm01+QIC42OA=
github.com/aws/aws-sdk-go-v2/service/ec2 v1.276.1/go.mod h1:Wg68QRgy2gEGGdmTPU/UbVpdv8sM14bUZmF64KFwAsY=
github.com/aws/aws-sdk-go-v2/service/iam v1.53.1 h1:xNCUk9XN6Pa9PyzbEfzgRpvEIVlqtth402yjaWvNMu4=
github.com/aws/aws-sdk-go-v2/service/iam v1.53.1/go.mod h1:GNQZL4JRSGH6L0/SNGOtffaB1vmlToYp3KtcUIB0NhI=
github.com/aws/aws-sdk-go-v2/service/internal/accept-encoding v1.13.4 h1:0ryTNEdJbzUCEWkVXEXoqlXV72J5keC1GvILMOuD00E=
github.com/aws/aws-sdk-go-v2/service/internal/accept-encoding v1.13.4/go.mod h1:HQ4qwNZh32C3CBeO6iJLQlgtMzqeG17ziAA/3KDJFow=
github.com/aws/aws-sdk-go-v2/service/internal/presigned-url v1.13.16 h1:oHjJHeUy0ImIV0bsrX0X91GkV5nJAyv1l1CC9lnO0TI=
github.com/aws/aws-sdk-go-v2/service/internal/presigned-url v1.13.16/go.mod h1:iRSNGgOYmiYwSCXxXaKb9HfOEj40+oTKn8pTxMlYkRM=
github.com/aws/aws-sdk-go-v2/service/signin v1.0.4 h1:HpI7aMmJ+mm1wkSHIA2t5EaFFv5EFYXePW30p1EIrbQ=
github.com/aws/aws-sdk-go-v2/service/signin v1.0.4/go.mod h1:C5RdGMYGlfM0gYq/tifqgn4EbyX99V15P2V3R+VHbQU=
github.com/aws/aws-sdk-go-v2/service/sso v1.30.7 h1:eYnlt6QxnFINKzwxP5/Ucs1vkG7VT3Iezmvfgc2waUw=
github.com/aws/aws-sdk-go-v2/service/sso v1.30.7/go.mod h1:+fWt2UHSb4kS7Pu8y+BMBvJF0EWx+4H0hzNwtDNRTrg=
github.com/aws/aws-sdk-go-v2/service/ssooidc v1.35.12 h1:AHDr0DaHIAo8c9t1emrzAlVDFp+iMMKnPdYy6XO4MCE=
github.com/aws/aws-sdk-go-v2/service/ssooidc v1.35.12/go.mod h1:GQ73XawFFiWxyWXMHWfhiomvP3tXtdNar/fi8z18sx0=
github.com/aws/aws-sdk-go-v2/service/sts v1.41.5 h1:SciGFVNZ4mHdm7gpD1dgZYnCuVdX1s+lFTg4+4DOy70=
github.com/aws/aws-sdk-go-v2/service/sts v1.41.5/go.mod h1:iW40X4QBmUxdP+fZNOpfmkdMZqsovezbAeO+Ubiv2pk=
github.com/aws/smithy-go v1.24.0 h1:LpilSUItNPFr1eY85RYgTIg5eIEPtvFbskaFcmmIUnk=
github.com/aws/smithy-go v1.24.0/go.mod h1:LEj2LM3rBRQJxPZTB4KuzZkaZYnZPnvgIhb4pu07mx0=
github.com/chzyer/logex v1.1.10/go.mod h1:+Ywpsq7O8HXn0nuIou7OrIPyXbp3wmkHB+jjWRnGsAI=
github.com/chzyer/logex v1.2.1 h1:XHDu3E6q+gdHgsdTPH6ImJMIp436vR6MPtH8gP05QzM=
github.com/chzyer/logex v1.2.1/go.mod h1:JLbx6lG2kDbNRFnfkgvh4eRJRPX1QCoOIWomwysCBrQ=
github.com/chzyer/readline v0.0.0-20180603132655-2972be24d48e/go.mod h1:nSuG5e5PlCu98SY8svDHJxuZscDgtXS6KTTbou5AhLI=
github.com/chzyer/readline v1.5.1 h1:upd/6fQk4src78LMRzh5vItIt361/o4uq553V8B5sGI=
github.com/chzyer/readline v1.5.1/go.mod h1:Eh+b79XXUwfKfcPLepksvw2tcLE/Ct21YObkaSkeBlk=
github.com/chzyer/test v0.0.0-20180213035817-a1ea475d72b1/go.mod h1:Q3SI9o4m/ZMnBNeIyt5eFwwo7qiLfzFZmjNmxjkiQlU=
github.com/chzyer/test v1.0.0 h1:p3BQDXSxOhOG0P9z6/hGnII4LGiEPOYBhs8asl/fC04=
github.com/chzyer/test v1.0.0/go.mod h1:2JlltgoNkt4TW/z9V/IzDdFaMTM2JPIi26O1pF38GC8=
github.com/cpuguy83/go-md2man/v2 v2.0.6/go.mod h1:oOW0eioCTA6cOiMLiUPZOpcVxMig6NIQQ7OS05n1F4g=
github.com/inconshreveable/mousetrap v1.1.0 h1:wN+x4NVGpMsO7ErUn/mUI3vEoE6Jt13X2s0bqwp9tc8=
github.com/inconshreveable/mousetrap v1.1.0/go.mod h1:vpF70FUmC8bwa3OWnCshd2FqLfsEA9PFc4w1p2J65bw=
github.com/manifoldco/promptui v0.9.0 h1:3V4HzJk1TtXW1MTZMP7mdlwbBpIinw3HztaIlYthEiA=
github.com/manifoldco/promptui v0.9.0/go.mod h1:ka04sppxSGFAtxX0qhlYQjISsg9mR4GWtQEhdbn6Pgg=
github.com/russross/blackfriday/v2 v2.1.0/go.mod h1:+Rmxgy9KzJVeS9/2gXHxylqXiyQDYRxCVz55jmeOWTM=
github.com/spf13/cobra v1.10.2 h1:DMTTonx5m65Ic0GOoRY2c16WCbHxOOw6xxezuLaBpcU=
github.com/spf13/cobra v1.10.2/go.mod h1:7C1pvHqHw5A4vrJfjNwvOdzYu0Gml16OCs2GRiTUUS4=
github.com/spf13/pflag v1.0.9 h1:9exaQaMOCwffKiiiYk6/BndUBv+iRViNW+4lEMi0PvY=
github.com/spf13/pflag v1.0.9/go.mod h1:McXfInJRrz4CZXVZOBLb0bTZqETkiAhM9Iw0y3An2Bg=
go.yaml.in/yaml/v3 v3.0.4/go.mod h1:DhzuOOF2ATzADvBadXxruRBLzYTpT36CKvDb3+aBEFg=
golang.org/x/sys v0.0.0-20181122145206-62eef0e2fa9b/go.mod h1:STP8DvDyc/dI5b8T5hshtkjS+E42TnysNCUPdjciGhY=
golang.org/x/sys v0.0.0-20220310020820-b874c991c1a5/go.mod h1:oPkhp1MJrh7nUepCBck5+mAzfO9JrbApNNgaTdGDITg=
golang.org/x/sys v0.33.0 h1:q3i8TbbEz+JRD9ywIRlyRAQbM0qF7hu24q3teo2hbuw=
golang.org/x/sys v0.33.0/go.mod h1:BJP2sWEmIv4KK5OTEluFJCKSidICx8ciO85XgH3Ak8k=
gopkg.in/check.v1 v0.0.0-20161208181325-20d25e280405/go.mod h1:Co6ibVJAznAaIkqp8huTwlJQCZ016jof/cbN4VW5Yz0=
