github.com/aws/aws-sdk-go-v2 v1.43.7 h1:msCzvkeYJA9ehbV8mRRmkZLo/zJg/+yDVLNtflg83hQ=
github.com/aws/aws-sdk-go-v2 v1.43.7/go.mod h1:tXpPM+v0D1lndmga+HqqLDIzUFJlEeR21aspVklHF00=
github.com/aws/aws-sdk-go-v2/aws/protocol/eventstream v1.7.18 h1:LAfOuhAH331fmOjTQpAaOlH+Ftn7RzSDJ2VFwjdMMy4=
github.com/aws/aws-sdk-go-v2/aws/protocol/eventstream v1.7.18/go.mod h1:4e5xhuXHx1e4U9EthvbPP1r/DIMp5c2823OL8karzcM=
github.com/aws/aws-sdk-go-v2/config v1.32.38 h1:n4yPHBjtQ3BrIIUyk0/LAqf/BL2iv0Tw6XZcMRzM0ps=
github.com/aws/aws-sdk-go-v2/config v1.32.38/go.mod h1:dencYsOS1R7rBy8zehCvwBYzdxxL4Q/nRK7In03wjN8=
github.com/aws/aws-sdk-go-v2/credentials v1.19.37 h1:FJ8Iz4/xISMB/rwLlgfWujfGDFWr0oneQgtA6KPcYLY=
github.com/aws/aws-sdk-go-v2/credentials v1.19.37/go.mod h1:Q6pWOgVUp49x4g5QVi29wHofUoICnZ+Zq4jHbRN/7ec=
github.com/aws/aws-sdk-go-v2/feature/ec2/imds v1.18.38 h1:Nqo2jU1wz5rnBM9XQyXfVD1RP8txkbP3EDx8hR/hbCE=
github.com/aws/aws-sdk-go-v2/feature/ec2/imds v1.18.38/go.mod h1:PzJFHhjR2vWFKHe8HmY5Lxhvwyxnr5MERtk0nDxWNbk=
github.com/aws/aws-sdk-go-v2/internal/configsources v1.4.38 h1:MBMg0zJ6i4TkAJ0dVFLKKn2cOkY6FkicmUDM67BRr6g=
github.com/aws/aws-sdk-go-v2/internal/configsources v1.4.38/go.mod h1:9MWuJbyiUyj6eA7W1/zm1zuePDPSB3g+xcgRQeMWsXc=
github.com/aws/aws-sdk-go-v2/internal/endpoints/v2 v2.7.38 h1:lHm4jPf3k1Lz5ZWc+Vcn3MKVwym+26kWCba9FkJ4f0Y=
github.com/aws/aws-sdk-go-v2/internal/endpoints/v2 v2.7.38/go.mod h1:Rn+P2XR+FbyZzjmWKjg/KUZNxmGfr5oZwh5jQiE+CzI=
github.com/aws/aws-sdk-go-v2/internal/v4a v1.4.39 h1:vo4xvMRs/F6h1E52qsgLqCQgWIQXgIJUauG6rlZEh4U=
github.com/aws/aws-sdk-go-v2/internal/v4a v1.4.39/go.mod h1:jB03R1ij/A+OE2e1dz6vgj076gd7vlYcfstAzj3HcnU=
github.com/aws/aws-sdk-go-v2/service/cloudwatchlogs v1.82.3 h1:NdGQPpwrxGn+l8LIaRH67jMItmjfHyIi4tszQn15Itw=
github.com/aws/aws-sdk-go-v2/service/cloudwatchlogs v1.82.3/go.mod h1:tVtmZibzI3RI5isJfU1aM9jIQART8pF/IXCflKAuUn0=
github.com/aws/aws-sdk-go-v2/service/ec2 v1.322.0 h1:ZDC/lswqgAoeNiee1NxZPJzrO/pNNlYyOZ0VaIQVqZE=
github.com/aws/aws-sdk-go-v2/service/ec2 v1.322.0/go.mod h1:JzZmY7901meEnfOnNax3sxcqbBgLEGjrqtu+gdwA4Ag=
github.com/aws/aws-sdk-go-v2/service/iam v1.59.2 h1:An/8OH+HhHxKar6bDa8v1ITiG7V3/lU+TwErOzzCm1M=
github.com/aws/aws-sdk-go-v2/service/iam v1.59.2/go.mod h1:gQRbwtyMFDBnV/58n5bVWmZi50c7H2HN/+ikrW876So=
github.com/aws/aws-sdk-go-v2/service/internal/accept-encoding v1.13.17 h1:OvYZOB3qA6zvfdRFiRFRzVSiElMYrz3GdntkXZxlp1o=
github.com/aws/aws-sdk-go-v2/service/internal/accept-encoding v1.13.17/go.mod h1:JgR/2Ew50ACfIWau1oeMRX59tMtC0kM+PYQGEaT04cY=
github.com/aws/aws-sdk-go-v2/service/internal/presigned-url v1.13.38 h1:H/5TI1jqaHsNoDQ60UwvPvJBg4GURkinXI3Qga29t2w=
github.com/aws/aws-sdk-go-v2/service/internal/presigned-url v1.13.38/go.mod h1:PTVFf+XH++7NJOky+RLBYQx0QA5NcaeEYFQ2fsi0nwo=
github.com/aws/aws-sdk-go-v2/service/signin v1.5.7 h1:YcczQ6zNH/ojIzD/ikDrO+RfW06wmdMp18d4NH5hXY4=
github.com/aws/aws-sdk-go-v2/service/signin v1.5.7/go.mod h1:nl9RVnb9ulgAYzOkjLq1NyFxmWcnH2maCUEuOdESy98=
github.com/aws/aws-sdk-go-v2/service/sso v1.33.7 h1:P+bMNiA93gyuYT3Oh+4dWtvrnGcu2bd9Uy5hRJM8BNo=
github.com/aws/aws-sdk-go-v2/service/sso v1.33.7/go.mod h1:zy+397isDFLvleg9H18Zq2MGzMso7uKyJyzR7DWSgFk=
github.com/aws/aws-sdk-go-v2/service/ssooidc v1.38.7 h1:WWkehGZ4nWtOKLMy0yi8+RqzzVqAGe60hGaxwF06JAw=
github.com/aws/aws-sdk-go-v2/service/ssooidc v1.38.7/go.mod h1:T8AI4SbQYm9ybcVmki2T3n7Qg1g3kfWoeQlNwNYOyO8=
github.com/aws/aws-sdk-go-v2/service/sts v1.45.7 h1:yU/9y2r7s9kSUPbHXbpQTa4LA8kt+CMgpu1OBrhx8p4=
github.com/aws/aws-sdk-go-v2/service/sts v1.45.7/go.mod h1:0lQTDEBArMevQXpxu443LVGjKxxEeSsSnrw9n8YiTMg=
github.com/aws/smithy-go v1.27.9 h1:flT/ACSU1ksz3V+8wj8kN8DOB9tsc/ggWPTJXIieRpw=
github.com/aws/smithy-go v1.27.9/go.mod h1:YE2RhdIuDbA5E5bTdciG9KrW3+TiEONeUWCqxX9i1Fc=
github.com/chzyer/logex v1.1.10/go.mod h1:+Ywpsq7O8HXn0nuIou7OrIPyXbp3wmkHB+jjWRnGsAI=
github.com/chzyer/logex v1.2.1 h1:XHDu3E6q+gdHgsdTPH6ImJMIp436vR6MPtH8gP05QzM=
github.com/chzyer/logex v1.2.1/go.mod h1:JLbx6lG2kDbNRFnfkgvh4eRJRPX1QCoOIWomwysCBrQ=
github.com/chzyer/readline v0.0.0-20180603132655-2972be24d48e/go.mod h1:nSuG5e5PlCu98SY8svDHJxuZscDgtXS6KTTbou5AhLI=
github.com/chzyer/readline v1.5.1 h1:upd/6fQk4src78LMRzh5vItIt361/o4uq553V8B5sGI=
github.com/chzyer/readline v1.5.1/go.mod h1:Eh+b79XXUwfKfcPLepksvw2tcLE/Ct21YObkaSkeBlk=
github.com/chzyer/test v0.0.0-20180213035817-a1ea475d72b1/go.mod h1:Q3SI9o4m/ZMnBNeIyt5eFwwo7qiLfzFZmjNmxjkiQlU=
github.com/chzyer/test v1.0.0 h1:p3BQDXSxOhOG0P9z6/hGnII4LGiEPOYBhs8asl/fC04=
github.com/chzyer/test v1.0.0/go.mod h1:2JlltgoNkt4TW/z9V/IzDdFaMTM2JPIi26O1pF38GC8=
github.com/cpuguy83/go-md2man/v2 v2.0.6/go.mod h1:oOW0eioCTA6cOiMLiUPZOpcVxMig6NIQQ7OS05n1F4g=
github.com/inconshreveable/mousetrap v1.1.0 h1:wN+x4NVGpMsO7ErUn/mUI3vEoE6Jt13X2s0bqwp9tc8=
github.com/inconshreveable/mousetrap v1.1.0/go.mod h1:vpF70FUmC8bwa3OWnCshd2FqLfsEA9PFc4w1p2J65bw=
github.com/manifoldco/promptui v0.9.0 h1:3V4HzJk1TtXW1MTZMP7mdlwbBpIinw3HztaIlYthEiA=
github.com/manifoldco/promptui v0.9.0/go.mod h1:ka04sppxSGFAtxX0qhlYQjISsg9mR4GWtQEhdbn6Pgg=
github.com/russross/blackfriday/v2 v2.1.0/go.mod h1:+Rmxgy9KzJVeS9/2gXHxylqXiyQDYRxCVz55jmeOWTM=
github.com/spf13/cobra v1.10.2 h1:DMTTonx5m65Ic0GOoRY2c16WCbHxOOw6xxezuLaBpcU=
github.com/spf13/cobra v1.10.2/go.mod h1:7C1pvHqHw5A4vrJfjNwvOdzYu0Gml16OCs2GRiTUUS4=
github.com/spf13/pflag v1.0.9/go.mod h1:McXfInJRrz4CZXVZOBLb0bTZqETkiAhM9Iw0y3An2Bg=
github.com/spf13/pflag v1.0.10 h1:4EBh2KAYBwaONj6b2Ye1GiHfwjqyROoF4RwYO+vPwFk=
github.com/spf13/pflag v1.0.10/go.mod h1:McXfInJRrz4CZXVZOBLb0bTZqETkiAhM9Iw0y3An2Bg=
go.yaml.in/yaml/v3 v3.0.4/go.mod h1:DhzuOOF2ATzADvBadXxruRBLzYTpT36CKvDb3+aBEFg=
golang.org/x/sys v0.0.0-20181122145206-62eef0e2fa9b/go.mod h1:STP8DvDyc/dI5b8T5hshtkjS+E42TnysNCUPdjciGhY=
golang.org/x/sys v0.0.0-20220310020820-b874c991c1a5/go.mod h1:oPkhp1MJrh7nUepCBck5+mAzfO9JrbApNNgaTdGDITg=
golang.org/x/sys v0.43.0 h1:Rlag2XtaFTxp19wS8MXlJwTvoh8ArU6ezoyFsMyCTNI=
golang.org/x/sys v0.43.0/go.mod h1:4GL1E5IUh+htKOUEOaiffhrAeqysfVGipDYzABqnCmw=
gopkg.in/check.v1 v0.0.0-20161208181325-20d25e280405/go.mod h1:Co6ibVJAznAaIkqp8huTwlJQCZ016jof/cbN4VW5Yz0=
